
Microsoft Visual Studio Solution File, Format Version 12.00
# Visual Studio Version 17
VisualStudioVersion = 17.14.37012.4 d17.14
MinimumVisualStudioVersion = 10.0.40219.1
Project("{FAE04EC0-301F-11D3-BF4B-00C04F79EFBC}") = "Lusgina-Zad-4", "Lusgina-Zad-4\Lusgina-Zad-4.csproj", "{D1C45E47-D9B5-4163-9E92-60B93338D319}"
EndProject
Global
	GlobalSection(SolutionConfigurationPlatforms) = preSolution
		Debug|Any CPU = Debug|Any CPU
		Release|Any CPU = Release|Any CPU
	EndGlobalSection
	GlobalSection(ProjectConfigurationPlatforms) = postSolution
		{D1C45E47-D9B5-4163-9E92-60B93338D319}.Debug|Any CPU.ActiveCfg = Debug|Any CPU
		{D1C45E47-D9B5-4163-9E92-60B93338D319}.Debug|Any CPU.Build.0 = Debug|Any CPU
		{D1C45E47-D9B5-4163-9E92-60B93338D319}.Release|Any CPU.ActiveCfg = Release|Any CPU
		{D1C45E47-D9B5-4163-9E92-60B93338D319}.Release|Any CPU.Build.0 = Release|Any CPU
	EndGlobalSection
	GlobalSection(SolutionProperties) = preSolution
		HideSolutionNode = FALSE
	EndGlobalSection
	GlobalSection(ExtensibilityGlobals) = postSolution
		SolutionGuid = {A43BDC3B-A6C4-44FD-97F5-71BC09D3D35A}
	EndGlobalSection
EndGlobal
